
Microsoft Visual Studio Solution File, Format Version 12.00
# Visual Studio Version 17
VisualStudioVersion = 17.1.32127.271
MinimumVisualStudioVersion = 10.0.40219.1
Project("{9A19103F-16F7-4668-BE54-9A1E7A4F7556}") = "UdemyNLayerProject.API", "UdemyNLayerProject.API\UdemyNLayerProject.API.csproj", "{AC50DCAF-5786-4B69-A225-0A7EAC29B17E}"
EndProject
Project("{9A19103F-16F7-4668-BE54-9A1E7A4F7556}") = "UdemyNLayerProject.Data", "UdemyNLayerProject.API.Data\UdemyNLayerProject.Data.csproj", "{789A5C3D-9AA6-43A9-9F3C-DA6E9C53CA9A}"
EndProject
Project("{9A19103F-16F7-4668-BE54-9A1E7A4F7556}") = "UdemyNLayerProject.Service", "UdemyNLayerProject.Service\UdemyNLayerProject.Service.csproj", "{B8277B5B-89BA-4080-8D3D-47A09618AEF8}"
EndProject
Project("{9A19103F-16F7-4668-BE54-9A1E7A4F7556}") = "UdemyNLayerProject.Core", "UdemyNLayerProjectCore\UdemyNLayerProject.Core.csproj", "{9C5F32AB-7DA1-43AF-8395-D4C8BAF11047}"
EndProject
Project("{FAE04EC0-301F-11D3-BF4B-00C04F79EFBC}") = "UdemyNLayerProject.WEB", "UdemyNLayerProject.WEB\UdemyNLayerProject.WEB.csproj", "{E15E4959-DF43-47B9-AB28-A1665AC90460}"
EndProject
Global
	GlobalSection(SolutionConfigurationPlatforms) = preSolution
		Debug|Any CPU = Debug|Any CPU
		Release|Any CPU = Release|Any CPU
	EndGlobalSection
	GlobalSection(ProjectConfigurationPlatforms) = postSolution
		{AC50DCAF-5786-4B69-A225-0A7EAC29B17E}.Debug|Any CPU.ActiveCfg = Debug|Any CPU
		{AC50DCAF-5786-4B69-A225-0A7EAC29B17E}.Debug|Any CPU.Build.0 = Debug|Any CPU
		{AC50DCAF-5786-4B69-A225-0A7EAC29B17E}.Release|Any CPU.ActiveCfg = Release|Any CPU
		{AC50DCAF-5786-4B69-A225-0A7EAC29B17E}.Release|Any CPU.Build.0 = Release|Any CPU
		{789A5C3D-9AA6-43A9-9F3C-DA6E9C53CA9A}.Debug|Any CPU.ActiveCfg = Debug|Any CPU
		{789A5C3D-9AA6-43A9-9F3C-DA6E9C53CA9A}.Debug|Any CPU.Build.0 = Debug|Any CPU
		{789A5C3D-9AA6-43A9-9F3C-DA6E9C53CA9A}.Release|Any CPU.ActiveCfg = Release|Any CPU
		{789A5C3D-9AA6-43A9-9F3C-DA6E9C53CA9A}.Release|Any CPU.Build.0 = Release|Any CPU
		{B8277B5B-89BA-4080-8D3D-47A09618AEF8}.Debug|Any CPU.ActiveCfg = Debug|Any CPU
		{B8277B5B-89BA-4080-8D3D-47A09618AEF8}.Debug|Any CPU.Build.0 = Debug|Any CPU
		{B8277B5B-89BA-4080-8D3D-47A09618AEF8}.Release|Any CPU.ActiveCfg = Release|Any CPU
		{B8277B5B-89BA-4080-8D3D-47A09618AEF8}.Release|Any CPU.Build.0 = Release|Any CPU
		{9C5F32AB-7DA1-43AF-8395-D4C8BAF11047}.Debug|Any CPU.ActiveCfg = Debug|Any CPU
		{9C5F32AB-7DA1-43AF-8395-D4C8BAF11047}.Debug|Any CPU.Build.0 = Debug|Any CPU
		{9C5F32AB-7DA1-43AF-8395-D4C8BAF11047}.Release|Any CPU.ActiveCfg = Release|Any CPU
		{9C5F32AB-7DA1-43AF-8395-D4C8BAF11047}.Release|Any CPU.Build.0 = Release|Any CPU
		{E15E4959-DF43-47B9-AB28-A1665AC90460}.Debug|Any CPU.ActiveCfg = Debug|Any CPU
		{E15E4959-DF43-47B9-AB28-A1665AC90460}.Debug|Any CPU.Build.0 = Debug|Any CPU
		{E15E4959-DF43-47B9-AB28-A1665AC90460}.Release|Any CPU.ActiveCfg = Release|Any CPU
		{E15E4959-DF43-47B9-AB28-A1665AC90460}.Release|Any CPU.Build.0 = Release|Any CPU
	EndGlobalSection
	GlobalSection(SolutionProperties) = preSolution
		HideSolutionNode = FALSE
	EndGlobalSection
	GlobalSection(ExtensibilityGlobals) = postSolution
		SolutionGuid = {A462C8F6-C9DD-413D-874E-108AD1C2438F}
	EndGlobalSection
EndGlobal
